// !$*UTF8*$!
{
	archiveVersion = 1;
	classes = {
	};
	objectVersion = 55;
	objects = {

/* Begin PBXBuildFile section */
		0B02C4DE9082489D670E91C1 /* Pods_ChallengeSicredi.framework in Frameworks */ = {isa = PBXBuildFile; fileRef = F011546FDED719A67521AB1B /* Pods_ChallengeSicredi.framework */; };
		9B974F6437629301969E0446 /* Pods_ChallengeSicredi_ChallengeSicrediUITests.framework in Frameworks */ = {isa = PBXBuildFile; fileRef = E86A3D5BEF3D5DFEDEFC2769 /* Pods_ChallengeSicredi_ChallengeSicrediUITests.framework */; };
		A04CA64D2767FA8500466DCE /* Event.swift in Sources */ = {isa = PBXBuildFile; fileRef = A04CA64C2767FA8500466DCE /* Event.swift */; };
		A04CA64E2767FA8500466DCE /* Event.swift in Sources */ = {isa = PBXBuildFile; fileRef = A04CA64C2767FA8500466DCE /* Event.swift */; };
		A04CA64F2767FA8500466DCE /* Event.swift in Sources */ = {isa = PBXBuildFile; fileRef = A04CA64C2767FA8500466DCE /* Event.swift */; };
		A04CA6512767FDFA00466DCE /* EventListWorker.swift in Sources */ = {isa = PBXBuildFile; fileRef = A04CA6502767FDFA00466DCE /* EventListWorker.swift */; };
		A04CA6522767FDFA00466DCE /* EventListWorker.swift in Sources */ = {isa = PBXBuildFile; fileRef = A04CA6502767FDFA00466DCE /* EventListWorker.swift */; };
		A04CA6532767FDFA00466DCE /* EventListWorker.swift in Sources */ = {isa = PBXBuildFile; fileRef = A04CA6502767FDFA00466DCE /* EventListWorker.swift */; };
		A04CA6552767FE9F00466DCE /* EventListInteractor.swift in Sources */ = {isa = PBXBuildFile; fileRef = A04CA6542767FE9F00466DCE /* EventListInteractor.swift */; };
		A04CA6562767FE9F00466DCE /* EventListInteractor.swift in Sources */ = {isa = PBXBuildFile; fileRef = A04CA6542767FE9F00466DCE /* EventListInteractor.swift */; };
		A04CA6572767FEA000466DCE /* EventListInteractor.swift in Sources */ = {isa = PBXBuildFile; fileRef = A04CA6542767FE9F00466DCE /* EventListInteractor.swift */; };
		A04CA6592768000000466DCE /* EventListPresenter.swift in Sources */ = {isa = PBXBuildFile; fileRef = A04CA6582768000000466DCE /* EventListPresenter.swift */; };
		A04CA65A2768000000466DCE /* EventListPresenter.swift in Sources */ = {isa = PBXBuildFile; fileRef = A04CA6582768000000466DCE /* EventListPresenter.swift */; };
		A04CA65B2768000000466DCE /* EventListPresenter.swift in Sources */ = {isa = PBXBuildFile; fileRef = A04CA6582768000000466DCE /* EventListPresenter.swift */; };
		A04CA65E2768261D00466DCE /* EventListTableViewCell.swift in Sources */ = {isa = PBXBuildFile; fileRef = A04CA65D2768261D00466DCE /* EventListTableViewCell.swift */; };
		A04CA6622768309000466DCE /* Extension+Date.swift in Sources */ = {isa = PBXBuildFile; fileRef = A04CA6612768309000466DCE /* Extension+Date.swift */; };
		A04CA6632768309000466DCE /* Extension+Date.swift in Sources */ = {isa = PBXBuildFile; fileRef = A04CA6612768309000466DCE /* Extension+Date.swift */; };
		A04CA6642768309000466DCE /* Extension+Date.swift in Sources */ = {isa = PBXBuildFile; fileRef = A04CA6612768309000466DCE /* Extension+Date.swift */; };
		A04CA666276830B400466DCE /* Extension+Double.swift in Sources */ = {isa = PBXBuildFile; fileRef = A04CA665276830B400466DCE /* Extension+Double.swift */; };
		A04CA667276830B400466DCE /* Extension+Double.swift in Sources */ = {isa = PBXBuildFile; fileRef = A04CA665276830B400466DCE /* Extension+Double.swift */; };
		A04CA668276830B400466DCE /* Extension+Double.swift in Sources */ = {isa = PBXBuildFile; fileRef = A04CA665276830B400466DCE /* Extension+Double.swift */; };
		A04CA66A2768323300466DCE /* Extension+Int.swift in Sources */ = {isa = PBXBuildFile; fileRef = A04CA6692768323300466DCE /* Extension+Int.swift */; };
		A04CA66B2768323300466DCE /* Extension+Int.swift in Sources */ = {isa = PBXBuildFile; fileRef = A04CA6692768323300466DCE /* Extension+Int.swift */; };
		A04CA66C2768323300466DCE /* Extension+Int.swift in Sources */ = {isa = PBXBuildFile; fileRef = A04CA6692768323300466DCE /* Extension+Int.swift */; };
		A06929DE2767F7B400FCD658 /* AppDelegate.swift in Sources */ = {isa = PBXBuildFile; fileRef = A06929DD2767F7B400FCD658 /* AppDelegate.swift */; };
		A06929E02767F7B400FCD658 /* SceneDelegate.swift in Sources */ = {isa = PBXBuildFile; fileRef = A06929DF2767F7B400FCD658 /* SceneDelegate.swift */; };
		A06929E22767F7B400FCD658 /* EventListViewController.swift in Sources */ = {isa = PBXBuildFile; fileRef = A06929E12767F7B400FCD658 /* EventListViewController.swift */; };
		A06929E52767F7B400FCD658 /* Main.storyboard in Resources */ = {isa = PBXBuildFile; fileRef = A06929E32767F7B400FCD658 /* Main.storyboard */; };
		A06929E72767F7B500FCD658 /* Assets.xcassets in Resources */ = {isa = PBXBuildFile; fileRef = A06929E62767F7B500FCD658 /* Assets.xcassets */; };
		A06929EA2767F7B500FCD658 /* LaunchScreen.storyboard in Resources */ = {isa = PBXBuildFile; fileRef = A06929E82767F7B500FCD658 /* LaunchScreen.storyboard */; };
		A06929F52767F7B500FCD658 /* ChallengeSicrediTests.swift in Sources */ = {isa = PBXBuildFile; fileRef = A06929F42767F7B500FCD658 /* ChallengeSicrediTests.swift */; };
		A06929FF2767F7B500FCD658 /* ChallengeSicrediUITests.swift in Sources */ = {isa = PBXBuildFile; fileRef = A06929FE2767F7B500FCD658 /* ChallengeSicrediUITests.swift */; };
		A0692A012767F7B500FCD658 /* ChallengeSicrediUITestsLaunchTests.swift in Sources */ = {isa = PBXBuildFile; fileRef = A0692A002767F7B500FCD658 /* ChallengeSicrediUITestsLaunchTests.swift */; };
		A0B648492768FCD200D75F64 /* EventDetailViewController.swift in Sources */ = {isa = PBXBuildFile; fileRef = A0B648482768FCD200D75F64 /* EventDetailViewController.swift */; };
		A0B6484A2768FCD200D75F64 /* EventDetailViewController.swift in Sources */ = {isa = PBXBuildFile; fileRef = A0B648482768FCD200D75F64 /* EventDetailViewController.swift */; };
		A0B6484B2768FCD200D75F64 /* EventDetailViewController.swift in Sources */ = {isa = PBXBuildFile; fileRef = A0B648482768FCD200D75F64 /* EventDetailViewController.swift */; };
		A0B6484D2768FD0D00D75F64 /* EventDetailRouter.swift in Sources */ = {isa = PBXBuildFile; fileRef = A0B6484C2768FD0D00D75F64 /* EventDetailRouter.swift */; };
		A0B6484E2768FD0D00D75F64 /* EventDetailRouter.swift in Sources */ = {isa = PBXBuildFile; fileRef = A0B6484C2768FD0D00D75F64 /* EventDetailRouter.swift */; };
		A0B6484F2768FD0D00D75F64 /* EventDetailRouter.swift in Sources */ = {isa = PBXBuildFile; fileRef = A0B6484C2768FD0D00D75F64 /* EventDetailRouter.swift */; };
		A0B648512768FF0A00D75F64 /* EventListRouter.swift in Sources */ = {isa = PBXBuildFile; fileRef = A0B648502768FF0A00D75F64 /* EventListRouter.swift */; };
		A0B648522768FF0A00D75F64 /* EventListRouter.swift in Sources */ = {isa = PBXBuildFile; fileRef = A0B648502768FF0A00D75F64 /* EventListRouter.swift */; };
		A0B648532768FF0A00D75F64 /* EventListRouter.swift in Sources */ = {isa = PBXBuildFile; fileRef = A0B648502768FF0A00D75F64 /* EventListRouter.swift */; };
		A0B648552769034C00D75F64 /* EventDetailInteractor.swift in Sources */ = {isa = PBXBuildFile; fileRef = A0B648542769034C00D75F64 /* EventDetailInteractor.swift */; };
		A0B648562769034D00D75F64 /* EventDetailInteractor.swift in Sources */ = {isa = PBXBuildFile; fileRef = A0B648542769034C00D75F64 /* EventDetailInteractor.swift */; };
		A0B648572769034D00D75F64 /* EventDetailInteractor.swift in Sources */ = {isa = PBXBuildFile; fileRef = A0B648542769034C00D75F64 /* EventDetailInteractor.swift */; };
		A0B6485827692C9400D75F64 /* Main.storyboard in Resources */ = {isa = PBXBuildFile; fileRef = A06929E32767F7B400FCD658 /* Main.storyboard */; };
		A0B6485927692C9400D75F64 /* Main.storyboard in Resources */ = {isa = PBXBuildFile; fileRef = A06929E32767F7B400FCD658 /* Main.storyboard */; };
		A0B6485B27692D0800D75F64 /* EventCheckinViewController.swift in Sources */ = {isa = PBXBuildFile; fileRef = A0B6485A27692D0800D75F64 /* EventCheckinViewController.swift */; };
		A0B6485C27692D0800D75F64 /* EventCheckinViewController.swift in Sources */ = {isa = PBXBuildFile; fileRef = A0B6485A27692D0800D75F64 /* EventCheckinViewController.swift */; };
		A0B6485D27692D0800D75F64 /* EventCheckinViewController.swift in Sources */ = {isa = PBXBuildFile; fileRef = A0B6485A27692D0800D75F64 /* EventCheckinViewController.swift */; };
		A0B6485F2769317F00D75F64 /* EventDetailPresenter.swift in Sources */ = {isa = PBXBuildFile; fileRef = A0B6485E2769317F00D75F64 /* EventDetailPresenter.swift */; };
		A0B648602769317F00D75F64 /* EventDetailPresenter.swift in Sources */ = {isa = PBXBuildFile; fileRef = A0B6485E2769317F00D75F64 /* EventDetailPresenter.swift */; };
		A0B648612769317F00D75F64 /* EventDetailPresenter.swift in Sources */ = {isa = PBXBuildFile; fileRef = A0B6485E2769317F00D75F64 /* EventDetailPresenter.swift */; };
		A0B648642769330300D75F64 /* EventDetailModels.swift in Sources */ = {isa = PBXBuildFile; fileRef = A0B648632769330300D75F64 /* EventDetailModels.swift */; };
		A0B648652769330300D75F64 /* EventDetailModels.swift in Sources */ = {isa = PBXBuildFile; fileRef = A0B648632769330300D75F64 /* EventDetailModels.swift */; };
		A0B648662769330300D75F64 /* EventDetailModels.swift in Sources */ = {isa = PBXBuildFile; fileRef = A0B648632769330300D75F64 /* EventDetailModels.swift */; };
		A0B6486827694C9000D75F64 /* EventDetailWorker.swift in Sources */ = {isa = PBXBuildFile; fileRef = A0B6486727694C9000D75F64 /* EventDetailWorker.swift */; };
		A0B6486927694C9000D75F64 /* EventDetailWorker.swift in Sources */ = {isa = PBXBuildFile; fileRef = A0B6486727694C9000D75F64 /* EventDetailWorker.swift */; };
		A0B6486A27694C9000D75F64 /* EventDetailWorker.swift in Sources */ = {isa = PBXBuildFile; fileRef = A0B6486727694C9000D75F64 /* EventDetailWorker.swift */; };
		AF1330440F9DA421D8E6A739 /* Pods_ChallengeSicrediTests.framework in Frameworks */ = {isa = PBXBuildFile; fileRef = 003D4EF947C1C86E5C6748EE /* Pods_ChallengeSicrediTests.framework */; };
/* End PBXBuildFile section */

/* Begin PBXContainerItemProxy section */
		A06929F12767F7B500FCD658 /* PBXContainerItemProxy */ = {
			isa = PBXContainerItemProxy;
			containerPortal = A06929D22767F7B400FCD658 /* Project object */;
			proxyType = 1;
			remoteGlobalIDString = A06929D92767F7B400FCD658;
			remoteInfo = ChallengeSicredi;
		};
		A06929FB2767F7B500FCD658 /* PBXContainerItemProxy */ = {
			isa = PBXContainerItemProxy;
			containerPortal = A06929D22767F7B400FCD658 /* Project object */;
			proxyType = 1;
			remoteGlobalIDString = A06929D92767F7B400FCD658;
			remoteInfo = ChallengeSicredi;
		};
/* End PBXContainerItemProxy section */

/* Begin PBXFileReference section */
		003D4EF947C1C86E5C6748EE /* Pods_ChallengeSicrediTests.framework */ = {isa = PBXFileReference; explicitFileType = wrapper.framework; includeInIndex = 0; path = Pods_ChallengeSicrediTests.framework; sourceTree = BUILT_PRODUCTS_DIR; };
		40B01F111C652D0C9DD05994 /* Pods-ChallengeSicrediTests.release.xcconfig */ = {isa = PBXFileReference; includeInIndex = 1; lastKnownFileType = text.xcconfig; name = "Pods-ChallengeSicrediTests.release.xcconfig"; path = "Target Support Files/Pods-ChallengeSicrediTests/Pods-ChallengeSicrediTests.release.xcconfig"; sourceTree = "<group>"; };
		9959650B4AED7E2D4A316713 /* Pods-ChallengeSicredi-ChallengeSicrediUITests.release.xcconfig */ = {isa = PBXFileReference; includeInIndex = 1; lastKnownFileType = text.xcconfig; name = "Pods-ChallengeSicredi-ChallengeSicrediUITests.release.xcconfig"; path = "Target Support Files/Pods-ChallengeSicredi-ChallengeSicrediUITests/Pods-ChallengeSicredi-ChallengeSicrediUITests.release.xcconfig"; sourceTree = "<group>"; };
		A04CA64C2767FA8500466DCE /* Event.swift */ = {isa = PBXFileReference; lastKnownFileType = sourcecode.swift; path = Event.swift; sourceTree = "<group>"; };
		A04CA6502767FDFA00466DCE /* EventListWorker.swift */ = {isa = PBXFileReference; lastKnownFileType = sourcecode.swift; path = EventListWorker.swift; sourceTree = "<group>"; };
		A04CA6542767FE9F00466DCE /* EventListInteractor.swift */ = {isa = PBXFileReference; lastKnownFileType = sourcecode.swift; path = EventListInteractor.swift; sourceTree = "<group>"; };
		A04CA6582768000000466DCE /* EventListPresenter.swift */ = {isa = PBXFileReference; lastKnownFileType = sourcecode.swift; path = EventListPresenter.swift; sourceTree = "<group>"; };
		A04CA65D2768261D00466DCE /* EventListTableViewCell.swift */ = {isa = PBXFileReference; lastKnownFileType = sourcecode.swift; path = EventListTableViewCell.swift; sourceTree = "<group>"; };
		A04CA6612768309000466DCE /* Extension+Date.swift */ = {isa = PBXFileReference; lastKnownFileType = sourcecode.swift; path = "Extension+Date.swift"; sourceTree = "<group>"; };
		A04CA665276830B400466DCE /* Extension+Double.swift */ = {isa = PBXFileReference; lastKnownFileType = sourcecode.swift; path = "Extension+Double.swift"; sourceTree = "<group>"; };
		A04CA6692768323300466DCE /* Extension+Int.swift */ = {isa = PBXFileReference; lastKnownFileType = sourcecode.swift; path = "Extension+Int.swift"; sourceTree = "<group>"; };
		A06929DA2767F7B400FCD658 /* ChallengeSicredi.app */ = {isa = PBXFileReference; explicitFileType = wrapper.application; includeInIndex = 0; path = ChallengeSicredi.app; sourceTree = BUILT_PRODUCTS_DIR; };
		A06929DD2767F7B400FCD658 /* AppDelegate.swift */ = {isa = PBXFileReference; lastKnownFileType = sourcecode.swift; path = AppDelegate.swift; sourceTree = "<group>"; };
		A06929DF2767F7B400FCD658 /* SceneDelegate.swift */ = {isa = PBXFileReference; lastKnownFileType = sourcecode.swift; path = SceneDelegate.swift; sourceTree = "<group>"; };
		A06929E12767F7B400FCD658 /* EventListViewController.swift */ = {isa = PBXFileReference; lastKnownFileType = sourcecode.swift; path = EventListViewController.swift; sourceTree = "<group>"; };
		A06929E42767F7B400FCD658 /* Base */ = {isa = PBXFileReference; lastKnownFileType = file.storyboard; name = Base; path = Base.lproj/Main.storyboard; sourceTree = "<group>"; };
		A06929E62767F7B500FCD658 /* Assets.xcassets */ = {isa = PBXFileReference; lastKnownFileType = folder.assetcatalog; path = Assets.xcassets; sourceTree = "<group>"; };
		A06929E92767F7B500FCD658 /* Base */ = {isa = PBXFileReference; lastKnownFileType = file.storyboard; name = Base; path = Base.lproj/LaunchScreen.storyboard; sourceTree = "<group>"; };
		A06929EB2767F7B500FCD658 /* Info.plist */ = {isa = PBXFileReference; lastKnownFileType = text.plist.xml; path = Info.plist; sourceTree = "<group>"; };
		A06929F02767F7B500FCD658 /* ChallengeSicrediTests.xctest */ = {isa = PBXFileReference; explicitFileType = wrapper.cfbundle; includeInIndex = 0; path = ChallengeSicrediTests.xctest; sourceTree = BUILT_PRODUCTS_DIR; };
		A06929F42767F7B500FCD658 /* ChallengeSicrediTests.swift */ = {isa = PBXFileReference; lastKnownFileType = sourcecode.swift; path = ChallengeSicrediTests.swift; sourceTree = "<group>"; };
		A06929FA2767F7B500FCD658 /* ChallengeSicrediUITests.xctest */ = {isa = PBXFileReference; explicitFileType = wrapper.cfbundle; includeInIndex = 0; path = ChallengeSicrediUITests.xctest; sourceTree = BUILT_PRODUCTS_DIR; };
		A06929FE2767F7B500FCD658 /* ChallengeSicrediUITests.swift */ = {isa = PBXFileReference; lastKnownFileType = sourcecode.swift; path = ChallengeSicrediUITests.swift; sourceTree = "<group>"; };
		A0692A002767F7B500FCD658 /* ChallengeSicrediUITestsLaunchTests.swift */ = {isa = PBXFileReference; lastKnownFileType = sourcecode.swift; path = ChallengeSicrediUITestsLaunchTests.swift; sourceTree = "<group>"; };
		A0B648482768FCD200D75F64 /* EventDetailViewController.swift */ = {isa = PBXFileReference; lastKnownFileType = sourcecode.swift; path = EventDetailViewController.swift; sourceTree = "<group>"; };
		A0B6484C2768FD0D00D75F64 /* EventDetailRouter.swift */ = {isa = PBXFileReference; lastKnownFileType = sourcecode.swift; path = EventDetailRouter.swift; sourceTree = "<group>"; };
		A0B648502768FF0A00D75F64 /* EventListRouter.swift */ = {isa = PBXFileReference; lastKnownFileType = sourcecode.swift; path = EventListRouter.swift; sourceTree = "<group>"; };
		A0B648542769034C00D75F64 /* EventDetailInteractor.swift */ = {isa = PBXFileReference; lastKnownFileType = sourcecode.swift; path = EventDetailInteractor.swift; sourceTree = "<group>"; };
		A0B6485A27692D0800D75F64 /* EventCheckinViewController.swift */ = {isa = PBXFileReference; lastKnownFileType = sourcecode.swift; path = EventCheckinViewController.swift; sourceTree = "<group>"; };
		A0B6485E2769317F00D75F64 /* EventDetailPresenter.swift */ = {isa = PBXFileReference; lastKnownFileType = sourcecode.swift; path = EventDetailPresenter.swift; sourceTree = "<group>"; };
		A0B648632769330300D75F64 /* EventDetailModels.swift */ = {isa = PBXFileReference; lastKnownFileType = sourcecode.swift; path = EventDetailModels.swift; sourceTree = "<group>"; };
		A0B6486727694C9000D75F64 /* EventDetailWorker.swift */ = {isa = PBXFileReference; lastKnownFileType = sourcecode.swift; path = EventDetailWorker.swift; sourceTree = "<group>"; };
		A1159A2919ABD4129A73F4F2 /* Pods-ChallengeSicredi-ChallengeSicrediUITests.debug.xcconfig */ = {isa = PBXFileReference; includeInIndex = 1; lastKnownFileType = text.xcconfig; name = "Pods-ChallengeSicredi-ChallengeSicrediUITests.debug.xcconfig"; path = "Target Support Files/Pods-ChallengeSicredi-ChallengeSicrediUITests/Pods-ChallengeSicredi-ChallengeSicrediUITests.debug.xcconfig"; sourceTree = "<group>"; };
		B69881272B273D96EFF85DA0 /* Pods-ChallengeSicredi.debug.xcconfig */ = {isa = PBXFileReference; includeInIndex = 1; lastKnownFileType = text.xcconfig; name = "Pods-ChallengeSicredi.debug.xcconfig"; path = "Target Support Files/Pods-ChallengeSicredi/Pods-ChallengeSicredi.debug.xcconfig"; sourceTree = "<group>"; };
		BE80FB26AC69E14926E5E3A4 /* Pods-ChallengeSicredi.release.xcconfig */ = {isa = PBXFileReference; includeInIndex = 1; lastKnownFileType = text.xcconfig; name = "Pods-ChallengeSicredi.release.xcconfig"; path = "Target Support Files/Pods-ChallengeSicredi/Pods-ChallengeSicredi.release.xcconfig"; sourceTree = "<group>"; };
		C6CDDC5660917D8C1630EC54 /* Pods-ChallengeSicrediTests.debug.xcconfig */ = {isa = PBXFileReference; includeInIndex = 1; lastKnownFileType = text.xcconfig; name = "Pods-ChallengeSicrediTests.debug.xcconfig"; path = "Target Support Files/Pods-ChallengeSicrediTests/Pods-ChallengeSicrediTests.debug.xcconfig"; sourceTree = "<group>"; };
		E86A3D5BEF3D5DFEDEFC2769 /* Pods_ChallengeSicredi_ChallengeSicrediUITests.framework */ = {isa = PBXFileReference; explicitFileType = wrapper.framework; includeInIndex = 0; path = Pods_ChallengeSicredi_ChallengeSicrediUITests.framework; sourceTree = BUILT_PRODUCTS_DIR; };
		F011546FDED719A67521AB1B /* Pods_ChallengeSicredi.framework */ = {isa = PBXFileReference; explicitFileType = wrapper.framework; includeInIndex = 0; path = Pods_ChallengeSicredi.framework; sourceTree = BUILT_PRODUCTS_DIR; };
/* End PBXFileReference section */

/* Begin PBXFrameworksBuildPhase section */
		A06929D72767F7B400FCD658 /* Frameworks */ = {
			isa = PBXFrameworksBuildPhase;
			buildActionMask = 2147483647;
			files = (
				0B02C4DE9082489D670E91C1 /* Pods_ChallengeSicredi.framework in Frameworks */,
			);
			runOnlyForDeploymentPostprocessing = 0;
		};
		A06929ED2767F7B500FCD658 /* Frameworks */ = {
			isa = PBXFrameworksBuildPhase;
			buildActionMask = 2147483647;
			files = (
				AF1330440F9DA421D8E6A739 /* Pods_ChallengeSicrediTests.framework in Frameworks */,
			);
			runOnlyForDeploymentPostprocessing = 0;
		};
		A06929F72767F7B500FCD658 /* Frameworks */ = {
			isa = PBXFrameworksBuildPhase;
			buildActionMask = 2147483647;
			files = (
				9B974F6437629301969E0446 /* Pods_ChallengeSicredi_ChallengeSicrediUITests.framework in Frameworks */,
			);
			runOnlyForDeploymentPostprocessing = 0;
		};
/* End PBXFrameworksBuildPhase section */

/* Begin PBXGroup section */
		1934E16B662B8A1C6A80B2EF /* Frameworks */ = {
			isa = PBXGroup;
			children = (
				F011546FDED719A67521AB1B /* Pods_ChallengeSicredi.framework */,
				E86A3D5BEF3D5DFEDEFC2769 /* Pods_ChallengeSicredi_ChallengeSicrediUITests.framework */,
				003D4EF947C1C86E5C6748EE /* Pods_ChallengeSicrediTests.framework */,
			);
			name = Frameworks;
			sourceTree = "<group>";
		};
		9A04825C0DD3B7159E42DC9E /* Pods */ = {
			isa = PBXGroup;
			children = (
				B69881272B273D96EFF85DA0 /* Pods-ChallengeSicredi.debug.xcconfig */,
				BE80FB26AC69E14926E5E3A4 /* Pods-ChallengeSicredi.release.xcconfig */,
				A1159A2919ABD4129A73F4F2 /* Pods-ChallengeSicredi-ChallengeSicrediUITests.debug.xcconfig */,
				9959650B4AED7E2D4A316713 /* Pods-ChallengeSicredi-ChallengeSicrediUITests.release.xcconfig */,
				C6CDDC5660917D8C1630EC54 /* Pods-ChallengeSicrediTests.debug.xcconfig */,
				40B01F111C652D0C9DD05994 /* Pods-ChallengeSicrediTests.release.xcconfig */,
			);
			path = Pods;
			sourceTree = "<group>";
		};
		A04CA65C2768222D00466DCE /* EventList */ = {
			isa = PBXGroup;
			children = (
				A04CA64C2767FA8500466DCE /* Event.swift */,
				A04CA6542767FE9F00466DCE /* EventListInteractor.swift */,
				A04CA6582768000000466DCE /* EventListPresenter.swift */,
				A0B648502768FF0A00D75F64 /* EventListRouter.swift */,
				A04CA65D2768261D00466DCE /* EventListTableViewCell.swift */,
				A06929E12767F7B400FCD658 /* EventListViewController.swift */,
				A04CA6502767FDFA00466DCE /* EventListWorker.swift */,
			);
			path = EventList;
			sourceTree = "<group>";
		};
		A04CA65F27682FFA00466DCE /* Extensions */ = {
			isa = PBXGroup;
			children = (
				A04CA6612768309000466DCE /* Extension+Date.swift */,
				A04CA665276830B400466DCE /* Extension+Double.swift */,
				A04CA6692768323300466DCE /* Extension+Int.swift */,
			);
			path = Extensions;
			sourceTree = "<group>";
		};
		A04CA6602768300F00466DCE /* Resources */ = {
			isa = PBXGroup;
			children = (
				A06929E62767F7B500FCD658 /* Assets.xcassets */,
			);
			path = Resources;
			sourceTree = "<group>";
		};
		A06929D12767F7B400FCD658 = {
			isa = PBXGroup;
			children = (
				A06929DC2767F7B400FCD658 /* ChallengeSicredi */,
				A06929F32767F7B500FCD658 /* ChallengeSicrediTests */,
				A06929FD2767F7B500FCD658 /* ChallengeSicrediUITests */,
				A06929DB2767F7B400FCD658 /* Products */,
				9A04825C0DD3B7159E42DC9E /* Pods */,
				1934E16B662B8A1C6A80B2EF /* Frameworks */,
			);
			sourceTree = "<group>";
		};
		A06929DB2767F7B400FCD658 /* Products */ = {
			isa = PBXGroup;
			children = (
				A06929DA2767F7B400FCD658 /* ChallengeSicredi.app */,
				A06929F02767F7B500FCD658 /* ChallengeSicrediTests.xctest */,
				A06929FA2767F7B500FCD658 /* ChallengeSicrediUITests.xctest */,
			);
			name = Products;
			sourceTree = "<group>";
		};
		A06929DC2767F7B400FCD658 /* ChallengeSicredi */ = {
			isa = PBXGroup;
			children = (
				A0B648462768FB8900D75F64 /* Application */,
				A0B648622769318800D75F64 /* EventCheckin */,
				A0B648472768FC6100D75F64 /* EventDetails */,
				A04CA65C2768222D00466DCE /* EventList */,
				A04CA65F27682FFA00466DCE /* Extensions */,
				A06929EB2767F7B500FCD658 /* Info.plist */,
				A06929E82767F7B500FCD658 /* LaunchScreen.storyboard */,
				A06929E32767F7B400FCD658 /* Main.storyboard */,
				A04CA6602768300F00466DCE /* Resources */,
			);
			path = ChallengeSicredi;
			sourceTree = "<group>";
		};
		A06929F32767F7B500FCD658 /* ChallengeSicrediTests */ = {
			isa = PBXGroup;
			children = (
				A06929F42767F7B500FCD658 /* ChallengeSicrediTests.swift */,
			);
			path = ChallengeSicrediTests;
			sourceTree = "<group>";
		};
		A06929FD2767F7B500FCD658 /* ChallengeSicrediUITests */ = {
			isa = PBXGroup;
			children = (
				A06929FE2767F7B500FCD658 /* ChallengeSicrediUITests.swift */,
				A0692A002767F7B500FCD658 /* ChallengeSicrediUITestsLaunchTests.swift */,
			);
			path = ChallengeSicrediUITests;
			sourceTree = "<group>";
		};
		A0B648462768FB8900D75F64 /* Application */ = {
			isa = PBXGroup;
			children = (
				A06929DD2767F7B400FCD658 /* AppDelegate.swift */,
				A06929DF2767F7B400FCD658 /* SceneDelegate.swift */,
			);
			path = Application;
			sourceTree = "<group>";
		};
		A0B648472768FC6100D75F64 /* EventDetails */ = {
			isa = PBXGroup;
			children = (
				A0B648482768FCD200D75F64 /* EventDetailViewController.swift */,
				A0B6484C2768FD0D00D75F64 /* EventDetailRouter.swift */,
				A0B648542769034C00D75F64 /* EventDetailInteractor.swift */,
				A0B6485E2769317F00D75F64 /* EventDetailPresenter.swift */,
				A0B648632769330300D75F64 /* EventDetailModels.swift */,
				A0B6486727694C9000D75F64 /* EventDetailWorker.swift */,
			);
			path = EventDetails;
			sourceTree = "<group>";
		};
		A0B648622769318800D75F64 /* EventCheckin */ = {
			isa = PBXGroup;
			children = (
				A0B6485A27692D0800D75F64 /* EventCheckinViewController.swift */,
			);
			path = EventCheckin;
			sourceTree = "<group>";
		};
/* End PBXGroup section */

/* Begin PBXNativeTarget section */
		A06929D92767F7B400FCD658 /* ChallengeSicredi */ = {
			isa = PBXNativeTarget;
			buildConfigurationList = A0692A042767F7B500FCD658 /* Build configuration list for PBXNativeTarget "ChallengeSicredi" */;
			buildPhases = (
				48915B57E42A8A3CA416358F /* [CP] Check Pods Manifest.lock */,
				A06929D62767F7B400FCD658 /* Sources */,
				A06929D72767F7B400FCD658 /* Frameworks */,
				A06929D82767F7B400FCD658 /* Resources */,
				A61E9E12154AE41540752459 /* [CP] Embed Pods Frameworks */,
			);
			buildRules = (
			);
			dependencies = (
			);
			name = ChallengeSicredi;
			productName = ChallengeSicredi;
			productReference = A06929DA2767F7B400FCD658 /* ChallengeSicredi.app */;
			productType = "com.apple.product-type.application";
		};
		A06929EF2767F7B500FCD658 /* ChallengeSicrediTests */ = {
			isa = PBXNativeTarget;
			buildConfigurationList = A0692A072767F7B500FCD658 /* Build configuration list for PBXNativeTarget "ChallengeSicrediTests" */;
			buildPhases = (
				A79752DF1B63158FEA5D29EE /* [CP] Check Pods Manifest.lock */,
				A06929EC2767F7B500FCD658 /* Sources */,
				A06929ED2767F7B500FCD658 /* Frameworks */,
				A06929EE2767F7B500FCD658 /* Resources */,
			);
			buildRules = (
			);
			dependencies = (
				A06929F22767F7B500FCD658 /* PBXTargetDependency */,
			);
			name = ChallengeSicrediTests;
			productName = ChallengeSicrediTests;
			productReference = A06929F02767F7B500FCD658 /* ChallengeSicrediTests.xctest */;
			productType = "com.apple.product-type.bundle.unit-test";
		};
		A06929F92767F7B500FCD658 /* ChallengeSicrediUITests */ = {
			isa = PBXNativeTarget;
			buildConfigurationList = A0692A0A2767F7B500FCD658 /* Build configuration list for PBXNativeTarget "ChallengeSicrediUITests" */;
			buildPhases = (
				4C3648BADB6E4F4420C60A55 /* [CP] Check Pods Manifest.lock */,
				A06929F62767F7B500FCD658 /* Sources */,
				A06929F72767F7B500FCD658 /* Frameworks */,
				A06929F82767F7B500FCD658 /* Resources */,
				774EACE61CFFA5446CACE7C9 /* [CP] Embed Pods Frameworks */,
			);
			buildRules = (
			);
			dependencies = (
				A06929FC2767F7B500FCD658 /* PBXTargetDependency */,
			);
			name = ChallengeSicrediUITests;
			productName = ChallengeSicrediUITests;
			productReference = A06929FA2767F7B500FCD658 /* ChallengeSicrediUITests.xctest */;
			productType = "com.apple.product-type.bundle.ui-testing";
		};
/* End PBXNativeTarget section */

/* Begin PBXProject section */
		A06929D22767F7B400FCD658 /* Project object */ = {
			isa = PBXProject;
			attributes = {
				BuildIndependentTargetsInParallel = 1;
				LastSwiftUpdateCheck = 1310;
				LastUpgradeCheck = 1310;
				TargetAttributes = {
					A06929D92767F7B400FCD658 = {
						CreatedOnToolsVersion = 13.1;
					};
					A06929EF2767F7B500FCD658 = {
						CreatedOnToolsVersion = 13.1;
						TestTargetID = A06929D92767F7B400FCD658;
					};
					A06929F92767F7B500FCD658 = {
						CreatedOnToolsVersion = 13.1;
						TestTargetID = A06929D92767F7B400FCD658;
					};
				};
			};
			buildConfigurationList = A06929D52767F7B400FCD658 /* Build configuration list for PBXProject "ChallengeSicredi" */;
			compatibilityVersion = "Xcode 13.0";
			developmentRegion = en;
			hasScannedForEncodings = 0;
			knownRegions = (
				en,
				Base,
			);
			mainGroup = A06929D12767F7B400FCD658;
			productRefGroup = A06929DB2767F7B400FCD658 /* Products */;
			projectDirPath = "";
			projectRoot = "";
			targets = (
				A06929D92767F7B400FCD658 /* ChallengeSicredi */,
				A06929EF2767F7B500FCD658 /* ChallengeSicrediTests */,
				A06929F92767F7B500FCD658 /* ChallengeSicrediUITests */,
			);
		};
/* End PBXProject section */

/* Begin PBXResourcesBuildPhase section */
		A06929D82767F7B400FCD658 /* Resources */ = {
			isa = PBXResourcesBuildPhase;
			buildActionMask = 2147483647;
			files = (
				A06929EA2767F7B500FCD658 /* LaunchScreen.storyboard in Resources */,
				A06929E72767F7B500FCD658 /* Assets.xcassets in Resources */,
				A06929E52767F7B400FCD658 /* Main.storyboard in Resources */,
			);
			runOnlyForDeploymentPostprocessing = 0;
		};
		A06929EE2767F7B500FCD658 /* Resources */ = {
			isa = PBXResourcesBuildPhase;
			buildActionMask = 2147483647;
			files = (
				A0B6485927692C9400D75F64 /* Main.storyboard in Resources */,
			);
			runOnlyForDeploymentPostprocessing = 0;
		};
		A06929F82767F7B500FCD658 /* Resources */ = {
			isa = PBXResourcesBuildPhase;
			buildActionMask = 2147483647;
			files = (
				A0B6485827692C9400D75F64 /* Main.storyboard in Resources */,
			);
			runOnlyForDeploymentPostprocessing = 0;
		};
/* End PBXResourcesBuildPhase section */

/* Begin PBXShellScriptBuildPhase section */
		48915B57E42A8A3CA416358F /* [CP] Check Pods Manifest.lock */ = {
			isa = PBXShellScriptBuildPhase;
			buildActionMask = 2147483647;
			files = (
			);
			inputFileListPaths = (
			);
			inputPaths = (
				"${PODS_PODFILE_DIR_PATH}/Podfile.lock",
				"${PODS_ROOT}/Manifest.lock",
			);
			name = "[CP] Check Pods Manifest.lock";
			outputFileListPaths = (
			);
			outputPaths = (
				"$(DERIVED_FILE_DIR)/Pods-ChallengeSicredi-checkManifestLockResult.txt",
			);
			runOnlyForDeploymentPostprocessing = 0;
			shellPath = /bin/sh;
			shellScript = "diff \"${PODS_PODFILE_DIR_PATH}/Podfile.lock\" \"${PODS_ROOT}/Manifest.lock\" > /dev/null\nif [ $? != 0 ] ; then\n    # print error to STDERR\n    echo \"error: The sandbox is not in sync with the Podfile.lock. Run 'pod install' or update your CocoaPods installation.\" >&2\n    exit 1\nfi\n# This output is used by Xcode 'outputs' to avoid re-running this script phase.\necho \"SUCCESS\" > \"${SCRIPT_OUTPUT_FILE_0}\"\n";
			showEnvVarsInLog = 0;
		};
		4C3648BADB6E4F4420C60A55 /* [CP] Check Pods Manifest.lock */ = {
			isa = PBXShellScriptBuildPhase;
			buildActionMask = 2147483647;
			files = (
			);
			inputFileListPaths = (
			);
			inputPaths = (
				"${PODS_PODFILE_DIR_PATH}/Podfile.lock",
				"${PODS_ROOT}/Manifest.lock",
			);
			name = "[CP] Check Pods Manifest.lock";
			outputFileListPaths = (
			);
			outputPaths = (
				"$(DERIVED_FILE_DIR)/Pods-ChallengeSicredi-ChallengeSicrediUITests-checkManifestLockResult.txt",
			);
			runOnlyForDeploymentPostprocessing = 0;
			shellPath = /bin/sh;
			shellScript = "diff \"${PODS_PODFILE_DIR_PATH}/Podfile.lock\" \"${PODS_ROOT}/Manifest.lock\" > /dev/null\nif [ $? != 0 ] ; then\n    # print error to STDERR\n    echo \"error: The sandbox is not in sync with the Podfile.lock. Run 'pod install' or update your CocoaPods installation.\" >&2\n    exit 1\nfi\n# This output is used by Xcode 'outputs' to avoid re-running this script phase.\necho \"SUCCESS\" > \"${SCRIPT_OUTPUT_FILE_0}\"\n";
			showEnvVarsInLog = 0;
		};
		774EACE61CFFA5446CACE7C9 /* [CP] Embed Pods Frameworks */ = {
			isa = PBXShellScriptBuildPhase;
			buildActionMask = 2147483647;
			files = (
			);
			inputFileListPaths = (
				"${PODS_ROOT}/Target Support Files/Pods-ChallengeSicredi-ChallengeSicrediUITests/Pods-ChallengeSicredi-ChallengeSicrediUITests-frameworks-${CONFIGURATION}-input-files.xcfilelist",
			);
			name = "[CP] Embed Pods Frameworks";
			outputFileListPaths = (
				"${PODS_ROOT}/Target Support Files/Pods-ChallengeSicredi-ChallengeSicrediUITests/Pods-ChallengeSicredi-ChallengeSicrediUITests-frameworks-${CONFIGURATION}-output-files.xcfilelist",
			);
			runOnlyForDeploymentPostprocessing = 0;
			shellPath = /bin/sh;
			shellScript = "\"${PODS_ROOT}/Target Support Files/Pods-ChallengeSicredi-ChallengeSicrediUITests/Pods-ChallengeSicredi-ChallengeSicrediUITests-frameworks.sh\"\n";
			showEnvVarsInLog = 0;
		};
		A61E9E12154AE41540752459 /* [CP] Embed Pods Frameworks */ = {
			isa = PBXShellScriptBuildPhase;
			buildActionMask = 2147483647;
			files = (
			);
			inputFileListPaths = (
				"${PODS_ROOT}/Target Support Files/Pods-ChallengeSicredi/Pods-ChallengeSicredi-frameworks-${CONFIGURATION}-input-files.xcfilelist",
			);
			name = "[CP] Embed Pods Frameworks";
			outputFileListPaths = (
				"${PODS_ROOT}/Target Support Files/Pods-ChallengeSicredi/Pods-ChallengeSicredi-frameworks-${CONFIGURATION}-output-files.xcfilelist",
			);
			runOnlyForDeploymentPostprocessing = 0;
			shellPath = /bin/sh;
			shellScript = "\"${PODS_ROOT}/Target Support Files/Pods-ChallengeSicredi/Pods-ChallengeSicredi-frameworks.sh\"\n";
			showEnvVarsInLog = 0;
		};
		A79752DF1B63158FEA5D29EE /* [CP] Check Pods Manifest.lock */ = {
			isa = PBXShellScriptBuildPhase;
			buildActionMask = 2147483647;
			files = (
			);
			inputFileListPaths = (
			);
			inputPaths = (
				"${PODS_PODFILE_DIR_PATH}/Podfile.lock",
				"${PODS_ROOT}/Manifest.lock",
			);
			name = "[CP] Check Pods Manifest.lock";
			outputFileListPaths = (
			);
			outputPaths = (
				"$(DERIVED_FILE_DIR)/Pods-ChallengeSicrediTests-checkManifestLockResult.txt",
			);
			runOnlyForDeploymentPostprocessing = 0;
			shellPath = /bin/sh;
			shellScript = "diff \"${PODS_PODFILE_DIR_PATH}/Podfile.lock\" \"${PODS_ROOT}/Manifest.lock\" > /dev/null\nif [ $? != 0 ] ; then\n    # print error to STDERR\n    echo \"error: The sandbox is not in sync with the Podfile.lock. Run 'pod install' or update your CocoaPods installation.\" >&2\n    exit 1\nfi\n# This output is used by Xcode 'outputs' to avoid re-running this script phase.\necho \"SUCCESS\" > \"${SCRIPT_OUTPUT_FILE_0}\"\n";
			showEnvVarsInLog = 0;
		};
/* End PBXShellScriptBuildPhase section */

/* Begin PBXSourcesBuildPhase section */
		A06929D62767F7B400FCD658 /* Sources */ = {
			isa = PBXSourcesBuildPhase;
			buildActionMask = 2147483647;
			files = (
				A04CA66A2768323300466DCE /* Extension+Int.swift in Sources */,
				A0B648642769330300D75F64 /* EventDetailModels.swift in Sources */,
				A04CA65E2768261D00466DCE /* EventListTableViewCell.swift in Sources */,
				A0B6485B27692D0800D75F64 /* EventCheckinViewController.swift in Sources */,
				A04CA64D2767FA8500466DCE /* Event.swift in Sources */,
				A04CA6552767FE9F00466DCE /* EventListInteractor.swift in Sources */,
				A04CA6622768309000466DCE /* Extension+Date.swift in Sources */,
				A0B6485F2769317F00D75F64 /* EventDetailPresenter.swift in Sources */,
				A0B6484D2768FD0D00D75F64 /* EventDetailRouter.swift in Sources */,
				A04CA666276830B400466DCE /* Extension+Double.swift in Sources */,
				A0B648492768FCD200D75F64 /* EventDetailViewController.swift in Sources */,
				A04CA6512767FDFA00466DCE /* EventListWorker.swift in Sources */,
				A0B6486827694C9000D75F64 /* EventDetailWorker.swift in Sources */,
				A04CA6592768000000466DCE /* EventListPresenter.swift in Sources */,
				A06929E22767F7B400FCD658 /* EventListViewController.swift in Sources */,
				A06929DE2767F7B400FCD658 /* AppDelegate.swift in Sources */,
				A06929E02767F7B400FCD658 /* SceneDelegate.swift in Sources */,
				A0B648512768FF0A00D75F64 /* EventListRouter.swift in Sources */,
				A0B648552769034C00D75F64 /* EventDetailInteractor.swift in Sources */,
			);
			runOnlyForDeploymentPostprocessing = 0;
		};
		A06929EC2767F7B500FCD658 /* Sources */ = {
			isa = PBXSourcesBuildPhase;
			buildActionMask = 2147483647;
			files = (
				A04CA667276830B400466DCE /* Extension+Double.swift in Sources */,
				A0B6486927694C9000D75F64 /* EventDetailWorker.swift in Sources */,
				A04CA66B2768323300466DCE /* Extension+Int.swift in Sources */,
				A0B648562769034D00D75F64 /* EventDetailInteractor.swift in Sources */,
				A04CA64E2767FA8500466DCE /* Event.swift in Sources */,
				A0B648652769330300D75F64 /* EventDetailModels.swift in Sources */,
				A0B6484A2768FCD200D75F64 /* EventDetailViewController.swift in Sources */,
				A04CA6562767FE9F00466DCE /* EventListInteractor.swift in Sources */,
				A0B6485C27692D0800D75F64 /* EventCheckinViewController.swift in Sources */,
				A04CA65A2768000000466DCE /* EventListPresenter.swift in Sources */,
				A04CA6632768309000466DCE /* Extension+Date.swift in Sources */,
				A0B648522768FF0A00D75F64 /* EventListRouter.swift in Sources */,
				A0B648602769317F00D75F64 /* EventDetailPresenter.swift in Sources */,
				A04CA6522767FDFA00466DCE /* EventListWorker.swift in Sources */,
				A0B6484E2768FD0D00D75F64 /* EventDetailRouter.swift in Sources */,
				A06929F52767F7B500FCD658 /* ChallengeSicrediTests.swift in Sources */,
			);
			runOnlyForDeploymentPostprocessing = 0;
		};
		A06929F62767F7B500FCD658 /* Sources */ = {
			isa = PBXSourcesBuildPhase;
			buildActionMask = 2147483647;
			files = (
				A0B6485D27692D0800D75F64 /* EventCheckinViewController.swift in Sources */,
				A04CA6532767FDFA00466DCE /* EventListWorker.swift in Sources */,
				A0B6486A27694C9000D75F64 /* EventDetailWorker.swift in Sources */,
				A0692A012767F7B500FCD658 /* ChallengeSicrediUITestsLaunchTests.swift in Sources */,
				A04CA66C2768323300466DCE /* Extension+Int.swift in Sources */,
				A04CA6642768309000466DCE /* Extension+Date.swift in Sources */,
				A04CA6572767FEA000466DCE /* EventListInteractor.swift in Sources */,
				A0B648572769034D00D75F64 /* EventDetailInteractor.swift in Sources */,
				A04CA668276830B400466DCE /* Extension+Double.swift in Sources */,
				A0B6484B2768FCD200D75F64 /* EventDetailViewController.swift in Sources */,
				A0B648532768FF0A00D75F64 /* EventListRouter.swift in Sources */,
				A0B6484F2768FD0D00D75F64 /* EventDetailRouter.swift in Sources */,
				A0B648662769330300D75F64 /* EventDetailModels.swift in Sources */,
				A04CA64F2767FA8500466DCE /* Event.swift in Sources */,
				A06929FF2767F7B500FCD658 /* ChallengeSicrediUITests.swift in Sources */,
				A0B648612769317F00D75F64 /* EventDetailPresenter.swift in Sources */,
				A04CA65B2768000000466DCE /* EventListPresenter.swift in Sources */,
			);
			runOnlyForDeploymentPostprocessing = 0;
		};
/* End PBXSourcesBuildPhase section */

/* Begin PBXTargetDependency section */
		A06929F22767F7B500FCD658 /* PBXTargetDependency */ = {
			isa = PBXTargetDependency;
			target = A06929D92767F7B400FCD658 /* ChallengeSicredi */;
			targetProxy = A06929F12767F7B500FCD658 /* PBXContainerItemProxy */;
		};
		A06929FC2767F7B500FCD658 /* PBXTargetDependency */ = {
			isa = PBXTargetDependency;
			target = A06929D92767F7B400FCD658 /* ChallengeSicredi */;
			targetProxy = A06929FB2767F7B500FCD658 /* PBXContainerItemProxy */;
		};
/* End PBXTargetDependency section */

/* Begin PBXVariantGroup section */
		A06929E32767F7B400FCD658 /* Main.storyboard */ = {
			isa = PBXVariantGroup;
			children = (
				A06929E42767F7B400FCD658 /* Base */,
			);
			name = Main.storyboard;
			sourceTree = "<group>";
		};
		A06929E82767F7B500FCD658 /* LaunchScreen.storyboard */ = {
			isa = PBXVariantGroup;
			children = (
				A06929E92767F7B500FCD658 /* Base */,
			);
			name = LaunchScreen.storyboard;
			sourceTree = "<group>";
		};
/* End PBXVariantGroup section */

/* Begin XCBuildConfiguration section */
		A0692A022767F7B500FCD658 /* Debug */ = {
			isa = XCBuildConfiguration;
			buildSettings = {
				ALWAYS_SEARCH_USER_PATHS = NO;
				CLANG_ANALYZER_NONNULL = YES;
				CLANG_ANALYZER_NUMBER_OBJECT_CONVERSION = YES_AGGRESSIVE;
				CLANG_CXX_LANGUAGE_STANDARD = "gnu++17";
				CLANG_CXX_LIBRARY = "libc++";
				CLANG_ENABLE_MODULES = YES;
				CLANG_ENABLE_OBJC_ARC = YES;
				CLANG_ENABLE_OBJC_WEAK = YES;
				CLANG_WARN_BLOCK_CAPTURE_AUTORELEASING = YES;
				CLANG_WARN_BOOL_CONVERSION = YES;
				CLANG_WARN_COMMA = YES;
				CLANG_WARN_CONSTANT_CONVERSION = YES;
				CLANG_WARN_DEPRECATED_OBJC_IMPLEMENTATIONS = YES;
				CLANG_WARN_DIRECT_OBJC_ISA_USAGE = YES_ERROR;
				CLANG_WARN_DOCUMENTATION_COMMENTS = YES;
				CLANG_WARN_EMPTY_BODY = YES;
				CLANG_WARN_ENUM_CONVERSION = YES;
				CLANG_WARN_INFINITE_RECURSION = YES;
				CLANG_WARN_INT_CONVERSION = YES;
				CLANG_WARN_NON_LITERAL_NULL_CONVERSION = YES;
				CLANG_WARN_OBJC_IMPLICIT_RETAIN_SELF = YES;
				CLANG_WARN_OBJC_LITERAL_CONVERSION = YES;
				CLANG_WARN_OBJC_ROOT_CLASS = YES_ERROR;
				CLANG_WARN_QUOTED_INCLUDE_IN_FRAMEWORK_HEADER = YES;
				CLANG_WARN_RANGE_LOOP_ANALYSIS = YES;
				CLANG_WARN_STRICT_PROTOTYPES = YES;
				CLANG_WARN_SUSPICIOUS_MOVE = YES;
				CLANG_WARN_UNGUARDED_AVAILABILITY = YES_AGGRESSIVE;
				CLANG_WARN_UNREACHABLE_CODE = YES;
				CLANG_WARN__DUPLICATE_METHOD_MATCH = YES;
				COPY_PHASE_STRIP = NO;
				DEBUG_INFORMATION_FORMAT = dwarf;
				ENABLE_STRICT_OBJC_MSGSEND = YES;
				ENABLE_TESTABILITY = YES;
				GCC_C_LANGUAGE_STANDARD = gnu11;
				GCC_DYNAMIC_NO_PIC = NO;
				GCC_NO_COMMON_BLOCKS = YES;
				GCC_OPTIMIZATION_LEVEL = 0;
				GCC_PREPROCESSOR_DEFINITIONS = (
					"DEBUG=1",
					"$(inherited)",
				);
				GCC_WARN_64_TO_32_BIT_CONVERSION = YES;
				GCC_WARN_ABOUT_RETURN_TYPE = YES_ERROR;
				GCC_WARN_UNDECLARED_SELECTOR = YES;
				GCC_WARN_UNINITIALIZED_AUTOS = YES_AGGRESSIVE;
				GCC_WARN_UNUSED_FUNCTION = YES;
				GCC_WARN_UNUSED_VARIABLE = YES;
				IPHONEOS_DEPLOYMENT_TARGET = 15.0;
				MTL_ENABLE_DEBUG_INFO = INCLUDE_SOURCE;
				MTL_FAST_MATH = YES;
				ONLY_ACTIVE_ARCH = YES;
				SDKROOT = iphoneos;
				SWIFT_ACTIVE_COMPILATION_CONDITIONS = DEBUG;
				SWIFT_OPTIMIZATION_LEVEL = "-Onone";
			};
			name = Debug;
		};
		A0692A032767F7B500FCD658 /* Release */ = {
			isa = XCBuildConfiguration;
			buildSettings = {
				ALWAYS_SEARCH_USER_PATHS = NO;
				CLANG_ANALYZER_NONNULL = YES;
				CLANG_ANALYZER_NUMBER_OBJECT_CONVERSION = YES_AGGRESSIVE;
				CLANG_CXX_LANGUAGE_STANDARD = "gnu++17";
				CLANG_CXX_LIBRARY = "libc++";
				CLANG_ENABLE_MODULES = YES;
				CLANG_ENABLE_OBJC_ARC = YES;
				CLANG_ENABLE_OBJC_WEAK = YES;
				CLANG_WARN_BLOCK_CAPTURE_AUTORELEASING = YES;
				CLANG_WARN_BOOL_CONVERSION = YES;
				CLANG_WARN_COMMA = YES;
				CLANG_WARN_CONSTANT_CONVERSION = YES;
				CLANG_WARN_DEPRECATED_OBJC_IMPLEMENTATIONS = YES;
				CLANG_WARN_DIRECT_OBJC_ISA_USAGE = YES_ERROR;
				CLANG_WARN_DOCUMENTATION_COMMENTS = YES;
				CLANG_WARN_EMPTY_BODY = YES;
				CLANG_WARN_ENUM_CONVERSION = YES;
				CLANG_WARN_INFINITE_RECURSION = YES;
				CLANG_WARN_INT_CONVERSION = YES;
				CLANG_WARN_NON_LITERAL_NULL_CONVERSION = YES;
				CLANG_WARN_OBJC_IMPLICIT_RETAIN_SELF = YES;
				CLANG_WARN_OBJC_LITERAL_CONVERSION = YES;
				CLANG_WARN_OBJC_ROOT_CLASS = YES_ERROR;
				CLANG_WARN_QUOTED_INCLUDE_IN_FRAMEWORK_HEADER = YES;
				CLANG_WARN_RANGE_LOOP_ANALYSIS = YES;
				CLANG_WARN_STRICT_PROTOTYPES = YES;
				CLANG_WARN_SUSPICIOUS_MOVE = YES;
				CLANG_WARN_UNGUARDED_AVAILABILITY = YES_AGGRESSIVE;
				CLANG_WARN_UNREACHABLE_CODE = YES;
				CLANG_WARN__DUPLICATE_METHOD_MATCH = YES;
				COPY_PHASE_STRIP = NO;
				DEBUG_INFORMATION_FORMAT = "dwarf-with-dsym";
				ENABLE_NS_ASSERTIONS = NO;
				ENABLE_STRICT_OBJC_MSGSEND = YES;
				GCC_C_LANGUAGE_STANDARD = gnu11;
				GCC_NO_COMMON_BLOCKS = YES;
				GCC_WARN_64_TO_32_BIT_CONVERSION = YES;
				GCC_WARN_ABOUT_RETURN_TYPE = YES_ERROR;
				GCC_WARN_UNDECLARED_SELECTOR = YES;
				GCC_WARN_UNINITIALIZED_AUTOS = YES_AGGRESSIVE;
				GCC_WARN_UNUSED_FUNCTION = YES;
				GCC_WARN_UNUSED_VARIABLE = YES;
				IPHONEOS_DEPLOYMENT_TARGET = 15.0;
				MTL_ENABLE_DEBUG_INFO = NO;
				MTL_FAST_MATH = YES;
				SDKROOT = iphoneos;
				SWIFT_COMPILATION_MODE = wholemodule;
				SWIFT_OPTIMIZATION_LEVEL = "-O";
				VALIDATE_PRODUCT = YES;
			};
			name = Release;
		};
		A0692A052767F7B500FCD658 /* Debug */ = {
			isa = XCBuildConfiguration;
			baseConfigurationReference = B69881272B273D96EFF85DA0 /* Pods-ChallengeSicredi.debug.xcconfig */;
			buildSettings = {
				ASSETCATALOG_COMPILER_APPICON_NAME = AppIcon;
				ASSETCATALOG_COMPILER_GLOBAL_ACCENT_COLOR_NAME = AccentColor;
				CODE_SIGN_STYLE = Automatic;
				CURRENT_PROJECT_VERSION = 1;
				GENERATE_INFOPLIST_FILE = YES;
				INFOPLIST_FILE = ChallengeSicredi/Info.plist;
				INFOPLIST_KEY_CFBundleDisplayName = "Challenge Sicredi";
				INFOPLIST_KEY_UIApplicationSupportsIndirectInputEvents = YES;
				INFOPLIST_KEY_UILaunchStoryboardName = LaunchScreen;
				INFOPLIST_KEY_UIMainStoryboardFile = Main;
				INFOPLIST_KEY_UISupportedInterfaceOrientations_iPad = "UIInterfaceOrientationPortrait UIInterfaceOrientationPortraitUpsideDown UIInterfaceOrientationLandscapeLeft UIInterfaceOrientationLandscapeRight";
				INFOPLIST_KEY_UISupportedInterfaceOrientations_iPhone = "UIInterfaceOrientationPortrait UIInterfaceOrientationLandscapeLeft UIInterfaceOrientationLandscapeRight";
				LD_RUNPATH_SEARCH_PATHS = (
					"$(inherited)",
					"@executable_path/Frameworks",
				);
				MARKETING_VERSION = 1.0;
				PRODUCT_BUNDLE_IDENTIFIER = br.com.josiasfabricio.ChallengeSicredi;
				PRODUCT_NAME = "$(TARGET_NAME)";
				SWIFT_EMIT_LOC_STRINGS = YES;
				SWIFT_VERSION = 5.0;
				TARGETED_DEVICE_FAMILY = "1,2";
			};
			name = Debug;
		};
		A0692A062767F7B500FCD658 /* Release */ = {
			isa = XCBuildConfiguration;
			baseConfigurationReference = BE80FB26AC69E14926E5E3A4 /* Pods-ChallengeSicredi.release.xcconfig */;
			buildSettings = {
				ASSETCATALOG_COMPILER_APPICON_NAME = AppIcon;
				ASSETCATALOG_COMPILER_GLOBAL_ACCENT_COLOR_NAME = AccentColor;
				CODE_SIGN_STYLE = Automatic;
				CURRENT_PROJECT_VERSION = 1;
				GENERATE_INFOPLIST_FILE = YES;
				INFOPLIST_FILE = ChallengeSicredi/Info.plist;
				INFOPLIST_KEY_CFBundleDisplayName = "Challenge Sicredi";
				INFOPLIST_KEY_UIApplicationSupportsIndirectInputEvents = YES;
				INFOPLIST_KEY_UILaunchStoryboardName = LaunchScreen;
				INFOPLIST_KEY_UIMainStoryboardFile = Main;
				INFOPLIST_KEY_UISupportedInterfaceOrientations_iPad = "UIInterfaceOrientationPortrait UIInterfaceOrientationPortraitUpsideDown UIInterfaceOrientationLandscapeLeft UIInterfaceOrientationLandscapeRight";
				INFOPLIST_KEY_UISupportedInterfaceOrientations_iPhone = "UIInterfaceOrientationPortrait UIInterfaceOrientationLandscapeLeft UIInterfaceOrientationLandscapeRight";
				LD_RUNPATH_SEARCH_PATHS = (
					"$(inherited)",
					"@executable_path/Frameworks",
				);
				MARKETING_VERSION = 1.0;
				PRODUCT_BUNDLE_IDENTIFIER = br.com.josiasfabricio.ChallengeSicredi;
				PRODUCT_NAME = "$(TARGET_NAME)";
				SWIFT_EMIT_LOC_STRINGS = YES;
				SWIFT_VERSION = 5.0;
				TARGETED_DEVICE_FAMILY = "1,2";
			};
			name = Release;
		};
		A0692A082767F7B500FCD658 /* Debug */ = {
			isa = XCBuildConfiguration;
			baseConfigurationReference = C6CDDC5660917D8C1630EC54 /* Pods-ChallengeSicrediTests.debug.xcconfig */;
			buildSettings = {
				ALWAYS_EMBED_SWIFT_STANDARD_LIBRARIES = YES;
				BUNDLE_LOADER = "$(TEST_HOST)";
				CODE_SIGN_STYLE = Automatic;
				CURRENT_PROJECT_VERSION = 1;
				GENERATE_INFOPLIST_FILE = YES;
				IPHONEOS_DEPLOYMENT_TARGET = 15.0;
				LD_RUNPATH_SEARCH_PATHS = (
					"$(inherited)",
					"@executable_path/Frameworks",
					"@loader_path/Frameworks",
				);
				MARKETING_VERSION = 1.0;
				PRODUCT_BUNDLE_IDENTIFIER = br.com.josiasfabricio.ChallengeSicrediTests;
				PRODUCT_NAME = "$(TARGET_NAME)";
				SWIFT_EMIT_LOC_STRINGS = NO;
				SWIFT_VERSION = 5.0;
				TARGETED_DEVICE_FAMILY = "1,2";
				TEST_HOST = "$(BUILT_PRODUCTS_DIR)/ChallengeSicredi.app/ChallengeSicredi";
			};
			name = Debug;
		};
		A0692A092767F7B500FCD658 /* Release */ = {
			isa = XCBuildConfiguration;
			baseConfigurationReference = 40B01F111C652D0C9DD05994 /* Pods-ChallengeSicrediTests.release.xcconfig */;
			buildSettings = {
				ALWAYS_EMBED_SWIFT_STANDARD_LIBRARIES = YES;
				BUNDLE_LOADER = "$(TEST_HOST)";
				CODE_SIGN_STYLE = Automatic;
				CURRENT_PROJECT_VERSION = 1;
				GENERATE_INFOPLIST_FILE = YES;
				IPHONEOS_DEPLOYMENT_TARGET = 15.0;
				LD_RUNPATH_SEARCH_PATHS = (
					"$(inherited)",
					"@executable_path/Frameworks",
					"@loader_path/Frameworks",
				);
				MARKETING_VERSION = 1.0;
				PRODUCT_BUNDLE_IDENTIFIER = br.com.josiasfabricio.ChallengeSicrediTests;
				PRODUCT_NAME = "$(TARGET_NAME)";
				SWIFT_EMIT_LOC_STRINGS = NO;
				SWIFT_VERSION = 5.0;
				TARGETED_DEVICE_FAMILY = "1,2";
				TEST_HOST = "$(BUILT_PRODUCTS_DIR)/ChallengeSicredi.app/ChallengeSicredi";
			};
			name = Release;
		};
		A0692A0B2767F7B500FCD658 /* Debug */ = {
			isa = XCBuildConfiguration;
			baseConfigurationReference = A1159A2919ABD4129A73F4F2 /* Pods-ChallengeSicredi-ChallengeSicrediUITests.debug.xcconfig */;
			buildSettings = {
				ALWAYS_EMBED_SWIFT_STANDARD_LIBRARIES = YES;
				CODE_SIGN_STYLE = Automatic;
				CURRENT_PROJECT_VERSION = 1;
				GENERATE_INFOPLIST_FILE = YES;
				LD_RUNPATH_SEARCH_PATHS = (
					"$(inherited)",
					"@executable_path/Frameworks",
					"@loader_path/Frameworks",
				);
				MARKETING_VERSION = 1.0;
				PRODUCT_BUNDLE_IDENTIFIER = br.com.josiasfabricio.ChallengeSicrediUITests;
				PRODUCT_NAME = "$(TARGET_NAME)";
				SWIFT_EMIT_LOC_STRINGS = NO;
				SWIFT_VERSION = 5.0;
				TARGETED_DEVICE_FAMILY = "1,2";
				TEST_TARGET_NAME = ChallengeSicredi;
			};
			name = Debug;
		};
		A0692A0C2767F7B500FCD658 /* Release */ = {
			isa = XCBuildConfiguration;
			baseConfigurationReference = 9959650B4AED7E2D4A316713 /* Pods-ChallengeSicredi-ChallengeSicrediUITests.release.xcconfig */;
			buildSettings = {
				ALWAYS_EMBED_SWIFT_STANDARD_LIBRARIES = YES;
				CODE_SIGN_STYLE = Automatic;
				CURRENT_PROJECT_VERSION = 1;
				GENERATE_INFOPLIST_FILE = YES;
				LD_RUNPATH_SEARCH_PATHS = (
					"$(inherited)",
					"@executable_path/Frameworks",
					"@loader_path/Frameworks",
				);
				MARKETING_VERSION = 1.0;
				PRODUCT_BUNDLE_IDENTIFIER = br.com.josiasfabricio.ChallengeSicrediUITests;
				PRODUCT_NAME = "$(TARGET_NAME)";
				SWIFT_EMIT_LOC_STRINGS = NO;
				SWIFT_VERSION = 5.0;
				TARGETED_DEVICE_FAMILY = "1,2";
				TEST_TARGET_NAME = ChallengeSicredi;
			};
			name = Release;
		};
/* End XCBuildConfiguration section */

/* Begin XCConfigurationList section */
		A06929D52767F7B400FCD658 /* Build configuration list for PBXProject "ChallengeSicredi" */ = {
			isa = XCConfigurationList;
			buildConfigurations = (
				A0692A022767F7B500FCD658 /* Debug */,
				A0692A032767F7B500FCD658 /* Release */,
			);
			defaultConfigurationIsVisible = 0;
			defaultConfigurationName = Release;
		};
		A0692A042767F7B500FCD658 /* Build configuration list for PBXNativeTarget "ChallengeSicredi" */ = {
			isa = XCConfigurationList;
			buildConfigurations = (
				A0692A052767F7B500FCD658 /* Debug */,
				A0692A062767F7B500FCD658 /* Release */,
			);
			defaultConfigurationIsVisible = 0;
			defaultConfigurationName = Release;
		};
		A0692A072767F7B500FCD658 /* Build configuration list for PBXNativeTarget "ChallengeSicrediTests" */ = {
			isa = XCConfigurationList;
			buildConfigurations = (
				A0692A082767F7B500FCD658 /* Debug */,
				A0692A092767F7B500FCD658 /* Release */,
			);
			defaultConfigurationIsVisible = 0;
			defaultConfigurationName = Release;
		};
		A0692A0A2767F7B500FCD658 /* Build configuration list for PBXNativeTarget "ChallengeSicrediUITests" */ = {
			isa = XCConfigurationList;
			buildConfigurations = (
				A0692A0B2767F7B500FCD658 /* Debug */,
				A0692A0C2767F7B500FCD658 /* Release */,
			);
			defaultConfigurationIsVisible = 0;
			defaultConfigurationName = Release;
		};
/* End XCConfigurationList section */
	};
	rootObject = A06929D22767F7B400FCD658 /* Project object */;
}
